{
  "requires": true,
  "lockfileVersion": 1,
  "dependencies": {
    "qrate": {
      "version": "1.2.0",
      "resolved": "https://registry.npmjs.org/qrate/-/qrate-1.2.0.tgz",
      "integrity": "sha512-2dZchmcnFk15FrXvaNhA+pEeY8RPKKPFTDHVArcBstKWnXOTRgaMRur19n+sG+dA6JFZfdULd5YpEtNonssbWQ=="
    }
  }
}
